
Microsoft Visual Studio Solution File, Format Version 12.00
# Visual Studio Version 17
VisualStudioVersion = 17.1.32319.34
MinimumVisualStudioVersion = 10.0.40219.1
Project("{FAE04EC0-301F-11D3-BF4B-00C04F79EFBC}") = "Sinapse.Extracao.Financeiro.Omie", "src\Sinapse.Extracao.Financeiro.Omie\Sinapse.Extracao.Financeiro.Omie.csproj", "{BB04B49E-6091-491B-83B4-3A68C7A5BFBA}"
EndProject
Global
	GlobalSection(SolutionConfigurationPlatforms) = preSolution
		Debug|Any CPU = Debug|Any CPU
		Release|Any CPU = Release|Any CPU
	EndGlobalSection
	GlobalSection(ProjectConfigurationPlatforms) = postSolution
		{BB04B49E-6091-491B-83B4-3A68C7A5BFBA}.Debug|Any CPU.ActiveCfg = Debug|Any CPU
		{BB04B49E-6091-491B-83B4-3A68C7A5BFBA}.Debug|Any CPU.Build.0 = Debug|Any CPU
		{BB04B49E-6091-491B-83B4-3A68C7A5BFBA}.Release|Any CPU.ActiveCfg = Release|Any CPU
		{BB04B49E-6091-491B-83B4-3A68C7A5BFBA}.Release|Any CPU.Build.0 = Release|Any CPU
	EndGlobalSection
	GlobalSection(SolutionProperties) = preSolution
		HideSolutionNode = FALSE
	EndGlobalSection
	GlobalSection(ExtensibilityGlobals) = postSolution
		SolutionGuid = {5F571066-904D-40D5-8424-59AD9167468A}
	EndGlobalSection
EndGlobal
